
Microsoft Visual Studio Solution File, Format Version 12.00
# Visual Studio Version 16
VisualStudioVersion = 16.0.32630.194
MinimumVisualStudioVersion = 10.0.40219.1
Project("{FAE04EC0-301F-11D3-BF4B-00C04F79EFBC}") = "Gestor_Estoque", "Gestor_Estoque\Gestor_Estoque.csproj", "{7FD619B0-ABDF-45F5-8623-B5BBD3F8A378}"
EndProject
Global
	GlobalSection(SolutionConfigurationPlatforms) = preSolution
		Debug|Any CPU = Debug|Any CPU
		Release|Any CPU = Release|Any CPU
	EndGlobalSection
	GlobalSection(ProjectConfigurationPlatforms) = postSolution
		{7FD619B0-ABDF-45F5-8623-B5BBD3F8A378}.Debug|Any CPU.ActiveCfg = Debug|Any CPU
		{7FD619B0-ABDF-45F5-8623-B5BBD3F8A378}.Debug|Any CPU.Build.0 = Debug|Any CPU
		{7FD619B0-ABDF-45F5-8623-B5BBD3F8A378}.Release|Any CPU.ActiveCfg = Release|Any CPU
		{7FD619B0-ABDF-45F5-8623-B5BBD3F8A378}.Release|Any CPU.Build.0 = Release|Any CPU
	EndGlobalSection
	GlobalSection(SolutionProperties) = preSolution
		HideSolutionNode = FALSE
	EndGlobalSection
	GlobalSection(ExtensibilityGlobals) = postSolution
		SolutionGuid = {0DAFAFBA-370B-4C86-811A-4B7AD2E0120F}
	EndGlobalSection
EndGlobal
